# This file is automatically @generated by Cargo.
# It is not intended for manual editing.
version = 3

[[package]]
name = "calculator-cli"
version = "0.1.0"
dependencies = [
 "evalexpr",
]

[[package]]
name = "evalexpr"
version = "11.3.0"
source = "registry+https://github.com/rust-lang/crates.io-index"
checksum = "63b41cb9dd076076058a4523f009c900c582279536d0b2e45a29aa930e083cc5"
